
Microsoft Visual Studio Solution File, Format Version 12.00
# Visual Studio Version 17
VisualStudioVersion = 17.9.34622.214
MinimumVisualStudioVersion = 10.0.40219.1
Project("{9A19103F-16F7-4668-BE54-9A1E7A4F7556}") = "server", "server.csproj", "{B0237120-2386-41D5-8F7F-1DA52341587A}"
EndProject
Global
	GlobalSection(SolutionConfigurationPlatforms) = preSolution
		Debug|Any CPU = Debug|Any CPU
		Release|Any CPU = Release|Any CPU
	EndGlobalSection
	GlobalSection(ProjectConfigurationPlatforms) = postSolution
		{B0237120-2386-41D5-8F7F-1DA52341587A}.Debug|Any CPU.ActiveCfg = Debug|Any CPU
		{B0237120-2386-41D5-8F7F-1DA52341587A}.Debug|Any CPU.Build.0 = Debug|Any CPU
		{B0237120-2386-41D5-8F7F-1DA52341587A}.Release|Any CPU.ActiveCfg = Release|Any CPU
		{B0237120-2386-41D5-8F7F-1DA52341587A}.Release|Any CPU.Build.0 = Release|Any CPU
	EndGlobalSection
	GlobalSection(SolutionProperties) = preSolution
		HideSolutionNode = FALSE
	EndGlobalSection
	GlobalSection(ExtensibilityGlobals) = postSolution
		SolutionGuid = {E1F9CA64-F82D-4A4B-B195-0E36B7C034BB}
	EndGlobalSection
EndGlobal
